
Microsoft Visual Studio Solution File, Format Version 12.00
# Visual Studio Version 16
VisualStudioVersion = 16.0.29613.14
MinimumVisualStudioVersion = 10.0.40219.1
Project("{FAE04EC0-301F-11D3-BF4B-00C04F79EFBC}") = "copyright_projects", "copyright_projects.csproj", "{F5486FCC-3071-4BBB-8404-2F8C255FDF9A}"
EndProject
Global
	GlobalSection(SolutionConfigurationPlatforms) = preSolution
		Debug|Any CPU = Debug|Any CPU
		Release|Any CPU = Release|Any CPU
	EndGlobalSection
	GlobalSection(ProjectConfigurationPlatforms) = postSolution
		{F5486FCC-3071-4BBB-8404-2F8C255FDF9A}.Debug|Any CPU.ActiveCfg = Debug|Any CPU
		{F5486FCC-3071-4BBB-8404-2F8C255FDF9A}.Debug|Any CPU.Build.0 = Debug|Any CPU
		{F5486FCC-3071-4BBB-8404-2F8C255FDF9A}.Release|Any CPU.ActiveCfg = Release|Any CPU
		{F5486FCC-3071-4BBB-8404-2F8C255FDF9A}.Release|Any CPU.Build.0 = Release|Any CPU
	EndGlobalSection
	GlobalSection(SolutionProperties) = preSolution
		HideSolutionNode = FALSE
	EndGlobalSection
	GlobalSection(ExtensibilityGlobals) = postSolution
		SolutionGuid = {80B4C4FF-6460-4C92-8A56-5C2CA972FCC2}
	EndGlobalSection
EndGlobal
